
Microsoft Visual Studio Solution File, Format Version 12.00
# Visual Studio 14
VisualStudioVersion = 14.0.23107.0
MinimumVisualStudioVersion = 10.0.40219.1
Project("{FAE04EC0-301F-11D3-BF4B-00C04F79EFBC}") = "Umbraco.Examine.Linq", "Umbraco.Examine.Linq\Umbraco.Examine.Linq.csproj", "{86684269-83FD-4A57-B916-676C1CC85D18}"
EndProject
Project("{FAE04EC0-301F-11D3-BF4B-00C04F79EFBC}") = "Umbraco.Examine.Linq.Tests", "Umbraco.Examine.Linq.Tests\Umbraco.Examine.Linq.Tests.csproj", "{7855A894-081A-4926-A2C8-98FBA63EB3B9}"
EndProject
Project("{FAE04EC0-301F-11D3-BF4B-00C04F79EFBC}") = "Umbraco.Examine.Linq.Sandbox", "Umbraco.Examine.Linq.Sandbox\Umbraco.Examine.Linq.Sandbox.csproj", "{FE8678AD-BA86-4BAA-8A47-213F66417CB8}"
EndProject
Project("{FAE04EC0-301F-11D3-BF4B-00C04F79EFBC}") = "Blog", "Blog\Blog.csproj", "{A6B9EC27-BF4B-4F2B-81AE-329168F9A20A}"
EndProject
Project("{2150E333-8FDC-42A3-9474-1A3956D46DE8}") = "Sandbox", "Sandbox", "{813EF9E5-133C-4F5B-A346-F33044528036}"
EndProject
Project("{2150E333-8FDC-42A3-9474-1A3956D46DE8}") = "LinqToExamine", "LinqToExamine", "{5D0B072C-86A3-4287-939C-58D03B4E2066}"
EndProject
Global
	GlobalSection(SolutionConfigurationPlatforms) = preSolution
		Debug|Any CPU = Debug|Any CPU
		Release|Any CPU = Release|Any CPU
	EndGlobalSection
	GlobalSection(ProjectConfigurationPlatforms) = postSolution
		{86684269-83FD-4A57-B916-676C1CC85D18}.Debug|Any CPU.ActiveCfg = Debug|Any CPU
		{86684269-83FD-4A57-B916-676C1CC85D18}.Debug|Any CPU.Build.0 = Debug|Any CPU
		{86684269-83FD-4A57-B916-676C1CC85D18}.Release|Any CPU.ActiveCfg = Release|Any CPU
		{86684269-83FD-4A57-B916-676C1CC85D18}.Release|Any CPU.Build.0 = Release|Any CPU
		{7855A894-081A-4926-A2C8-98FBA63EB3B9}.Debug|Any CPU.ActiveCfg = Debug|Any CPU
		{7855A894-081A-4926-A2C8-98FBA63EB3B9}.Debug|Any CPU.Build.0 = Debug|Any CPU
		{7855A894-081A-4926-A2C8-98FBA63EB3B9}.Release|Any CPU.ActiveCfg = Release|Any CPU
		{7855A894-081A-4926-A2C8-98FBA63EB3B9}.Release|Any CPU.Build.0 = Release|Any CPU
		{FE8678AD-BA86-4BAA-8A47-213F66417CB8}.Debug|Any CPU.ActiveCfg = Debug|Any CPU
		{FE8678AD-BA86-4BAA-8A47-213F66417CB8}.Debug|Any CPU.Build.0 = Debug|Any CPU
		{FE8678AD-BA86-4BAA-8A47-213F66417CB8}.Release|Any CPU.ActiveCfg = Release|Any CPU
		{FE8678AD-BA86-4BAA-8A47-213F66417CB8}.Release|Any CPU.Build.0 = Release|Any CPU
		{A6B9EC27-BF4B-4F2B-81AE-329168F9A20A}.Debug|Any CPU.ActiveCfg = Debug|Any CPU
		{A6B9EC27-BF4B-4F2B-81AE-329168F9A20A}.Debug|Any CPU.Build.0 = Debug|Any CPU
		{A6B9EC27-BF4B-4F2B-81AE-329168F9A20A}.Release|Any CPU.ActiveCfg = Release|Any CPU
		{A6B9EC27-BF4B-4F2B-81AE-329168F9A20A}.Release|Any CPU.Build.0 = Release|Any CPU
	EndGlobalSection
	GlobalSection(SolutionProperties) = preSolution
		HideSolutionNode = FALSE
	EndGlobalSection
	GlobalSection(NestedProjects) = preSolution
		{86684269-83FD-4A57-B916-676C1CC85D18} = {5D0B072C-86A3-4287-939C-58D03B4E2066}
		{7855A894-081A-4926-A2C8-98FBA63EB3B9} = {5D0B072C-86A3-4287-939C-58D03B4E2066}
		{FE8678AD-BA86-4BAA-8A47-213F66417CB8} = {813EF9E5-133C-4F5B-A346-F33044528036}
		{A6B9EC27-BF4B-4F2B-81AE-329168F9A20A} = {813EF9E5-133C-4F5B-A346-F33044528036}
	EndGlobalSection
EndGlobal
